
Microsoft Visual Studio Solution File, Format Version 12.00
# Visual Studio Version 17
VisualStudioVersion = 17.10.35027.167
MinimumVisualStudioVersion = 10.0.40219.1
Project("{9A19103F-16F7-4668-BE54-9A1E7A4F7556}") = "School", "School\School.csproj", "{EE311FF1-25E7-405D-AA90-82C88FC2748F}"
EndProject
Project("{9A19103F-16F7-4668-BE54-9A1E7A4F7556}") = "School.Domain", "School.Domain\School.Domain.csproj", "{B21C08E3-0BFE-4F2F-AF3C-649D83955251}"
EndProject
Project("{2150E333-8FDC-42A3-9474-1A3956D46DE8}") = "Domain", "Domain", "{69454EC5-4350-48F7-9D0B-4763321C54B3}"
EndProject
Project("{2150E333-8FDC-42A3-9474-1A3956D46DE8}") = "DAL", "DAL", "{277FBB34-C003-47E4-AB8F-6854E5F47D90}"
EndProject
Project("{9A19103F-16F7-4668-BE54-9A1E7A4F7556}") = "School.DAL", "School.DAL\School.DAL.csproj", "{A34D0419-6F75-47FC-94FA-6F5CC03C3BA9}"
EndProject
Project("{2150E333-8FDC-42A3-9474-1A3956D46DE8}") = "Service", "Service", "{32977468-33BC-4750-92A2-5E06F39BB664}"
EndProject
Project("{9A19103F-16F7-4668-BE54-9A1E7A4F7556}") = "School.Service", "School.Service\School.Service.csproj", "{8F0CE4D2-C40A-4813-9DDA-6E03A54E7BF4}"
EndProject
Global
	GlobalSection(SolutionConfigurationPlatforms) = preSolution
		Debug|Any CPU = Debug|Any CPU
		Release|Any CPU = Release|Any CPU
	EndGlobalSection
	GlobalSection(ProjectConfigurationPlatforms) = postSolution
		{EE311FF1-25E7-405D-AA90-82C88FC2748F}.Debug|Any CPU.ActiveCfg = Debug|Any CPU
		{EE311FF1-25E7-405D-AA90-82C88FC2748F}.Debug|Any CPU.Build.0 = Debug|Any CPU
		{EE311FF1-25E7-405D-AA90-82C88FC2748F}.Release|Any CPU.ActiveCfg = Release|Any CPU
		{EE311FF1-25E7-405D-AA90-82C88FC2748F}.Release|Any CPU.Build.0 = Release|Any CPU
		{B21C08E3-0BFE-4F2F-AF3C-649D83955251}.Debug|Any CPU.ActiveCfg = Debug|Any CPU
		{B21C08E3-0BFE-4F2F-AF3C-649D83955251}.Debug|Any CPU.Build.0 = Debug|Any CPU
		{B21C08E3-0BFE-4F2F-AF3C-649D83955251}.Release|Any CPU.ActiveCfg = Release|Any CPU
		{B21C08E3-0BFE-4F2F-AF3C-649D83955251}.Release|Any CPU.Build.0 = Release|Any CPU
		{A34D0419-6F75-47FC-94FA-6F5CC03C3BA9}.Debug|Any CPU.ActiveCfg = Debug|Any CPU
		{A34D0419-6F75-47FC-94FA-6F5CC03C3BA9}.Debug|Any CPU.Build.0 = Debug|Any CPU
		{A34D0419-6F75-47FC-94FA-6F5CC03C3BA9}.Release|Any CPU.ActiveCfg = Release|Any CPU
		{A34D0419-6F75-47FC-94FA-6F5CC03C3BA9}.Release|Any CPU.Build.0 = Release|Any CPU
		{8F0CE4D2-C40A-4813-9DDA-6E03A54E7BF4}.Debug|Any CPU.ActiveCfg = Debug|Any CPU
		{8F0CE4D2-C40A-4813-9DDA-6E03A54E7BF4}.Debug|Any CPU.Build.0 = Debug|Any CPU
		{8F0CE4D2-C40A-4813-9DDA-6E03A54E7BF4}.Release|Any CPU.ActiveCfg = Release|Any CPU
		{8F0CE4D2-C40A-4813-9DDA-6E03A54E7BF4}.Release|Any CPU.Build.0 = Release|Any CPU
	EndGlobalSection
	GlobalSection(SolutionProperties) = preSolution
		HideSolutionNode = FALSE
	EndGlobalSection
	GlobalSection(NestedProjects) = preSolution
		{B21C08E3-0BFE-4F2F-AF3C-649D83955251} = {69454EC5-4350-48F7-9D0B-4763321C54B3}
		{A34D0419-6F75-47FC-94FA-6F5CC03C3BA9} = {277FBB34-C003-47E4-AB8F-6854E5F47D90}
		{8F0CE4D2-C40A-4813-9DDA-6E03A54E7BF4} = {32977468-33BC-4750-92A2-5E06F39BB664}
	EndGlobalSection
	GlobalSection(ExtensibilityGlobals) = postSolution
		SolutionGuid = {6C7786FF-0361-4C21-8888-ADE0947B9EC7}
	EndGlobalSection
EndGlobal
